
Microsoft Visual Studio Solution File, Format Version 12.00
# Visual Studio Version 17
VisualStudioVersion = 17.9.34728.123
MinimumVisualStudioVersion = 10.0.40219.1
Project("{FAE04EC0-301F-11D3-BF4B-00C04F79EFBC}") = "WindowsFormsApp1", "WindowsFormsApp1\WindowsFormsApp1.csproj", "{4CF410F5-0854-488B-8705-B5D437E37E0A}"
EndProject
Project("{FAE04EC0-301F-11D3-BF4B-00C04F79EFBC}") = "WindowsFormsApp2", "WindowsFormsApp2\WindowsFormsApp2.csproj", "{8C1CBFEA-12B0-4D9F-B1C1-BAC2D75DD3A9}"
EndProject
Global
	GlobalSection(SolutionConfigurationPlatforms) = preSolution
		Debug|Any CPU = Debug|Any CPU
		Release|Any CPU = Release|Any CPU
	EndGlobalSection
	GlobalSection(ProjectConfigurationPlatforms) = postSolution
		{4CF410F5-0854-488B-8705-B5D437E37E0A}.Debug|Any CPU.ActiveCfg = Debug|Any CPU
		{4CF410F5-0854-488B-8705-B5D437E37E0A}.Debug|Any CPU.Build.0 = Debug|Any CPU
		{4CF410F5-0854-488B-8705-B5D437E37E0A}.Release|Any CPU.ActiveCfg = Release|Any CPU
		{4CF410F5-0854-488B-8705-B5D437E37E0A}.Release|Any CPU.Build.0 = Release|Any CPU
		{8C1CBFEA-12B0-4D9F-B1C1-BAC2D75DD3A9}.Debug|Any CPU.ActiveCfg = Debug|Any CPU
		{8C1CBFEA-12B0-4D9F-B1C1-BAC2D75DD3A9}.Debug|Any CPU.Build.0 = Debug|Any CPU
		{8C1CBFEA-12B0-4D9F-B1C1-BAC2D75DD3A9}.Release|Any CPU.ActiveCfg = Release|Any CPU
		{8C1CBFEA-12B0-4D9F-B1C1-BAC2D75DD3A9}.Release|Any CPU.Build.0 = Release|Any CPU
	EndGlobalSection
	GlobalSection(SolutionProperties) = preSolution
		HideSolutionNode = FALSE
	EndGlobalSection
	GlobalSection(ExtensibilityGlobals) = postSolution
		SolutionGuid = {8EA928A9-A8B5-4248-A1C7-A3E8415E035E}
	EndGlobalSection
EndGlobal
